lockfileVersion: '9.0'

settings:
  autoInstallPeers: true
  excludeLinksFromLockfile: false

importers:

  .: {}

  adapters/typescript-6:
    dependencies:
      '@typescript/typescript6':
        specifier: 6.0.2
        version: 6.0.2

packages:

  '@typescript/typescript6@6.0.2':
    resolution: {integrity: sha512-mbCddXd+jm7hfx7w2YU64/Av4/NqqeG3GoRZgxPcgoTxYjhrcfJRw9ULch71SS4G+Q3bOXFhRvPqjguN0Hyp5w==}
    hasBin: true

  typescript@6.0.3:
    resolution: {integrity: sha512-y2TvuxSZPDyQakkFRPZHKFm+KKVqIisdg9/CZwm9ftvKXLP8NRWj38/ODjNbr43SsoXqNuAisEf1GdCxqWcdBw==}
    engines: {node: '>=14.17'}
    hasBin: true

snapshots:

  '@typescript/typescript6@6.0.2':
    dependencies:
      '@typescript/old': typescript@6.0.3

  typescript@6.0.3: {}
